
Microsoft Visual Studio Solution File, Format Version 12.00
# Visual Studio 15
VisualStudioVersion = 15.0.28010.2048
MinimumVisualStudioVersion = 10.0.40219.1
Project("{FAE04EC0-301F-11D3-BF4B-00C04F79EFBC}") = "Ado net", "Ado net\Ado net.csproj", "{66D83893-EA38-4265-AEBD-4E5FC1D8C4D6}"
EndProject
Global
	GlobalSection(SolutionConfigurationPlatforms) = preSolution
		Debug|Any CPU = Debug|Any CPU
		Release|Any CPU = Release|Any CPU
	EndGlobalSection
	GlobalSection(ProjectConfigurationPlatforms) = postSolution
		{66D83893-EA38-4265-AEBD-4E5FC1D8C4D6}.Debug|Any CPU.ActiveCfg = Debug|Any CPU
		{66D83893-EA38-4265-AEBD-4E5FC1D8C4D6}.Debug|Any CPU.Build.0 = Debug|Any CPU
		{66D83893-EA38-4265-AEBD-4E5FC1D8C4D6}.Release|Any CPU.ActiveCfg = Release|Any CPU
		{66D83893-EA38-4265-AEBD-4E5FC1D8C4D6}.Release|Any CPU.Build.0 = Release|Any CPU
	EndGlobalSection
	GlobalSection(SolutionProperties) = preSolution
		HideSolutionNode = FALSE
	EndGlobalSection
	GlobalSection(ExtensibilityGlobals) = postSolution
		SolutionGuid = {2CEF6CD8-7D76-4167-8E71-9C70378676AC}
	EndGlobalSection
EndGlobal
